
Microsoft Visual Studio Solution File, Format Version 12.00
# Visual Studio Version 16
VisualStudioVersion = 16.0.28917.181
MinimumVisualStudioVersion = 10.0.40219.1
Project("{FAE04EC0-301F-11D3-BF4B-00C04F79EFBC}") = "WebCoreAppLite", "WebCoreAppLite.csproj", "{93ADE3FF-34DC-4417-A30A-668EF6014C9A}"
EndProject
Global
	GlobalSection(SolutionConfigurationPlatforms) = preSolution
		Debug|Any CPU = Debug|Any CPU
		Release|Any CPU = Release|Any CPU
	EndGlobalSection
	GlobalSection(ProjectConfigurationPlatforms) = postSolution
		{93ADE3FF-34DC-4417-A30A-668EF6014C9A}.Debug|Any CPU.ActiveCfg = Debug|Any CPU
		{93ADE3FF-34DC-4417-A30A-668EF6014C9A}.Debug|Any CPU.Build.0 = Debug|Any CPU
		{93ADE3FF-34DC-4417-A30A-668EF6014C9A}.Release|Any CPU.ActiveCfg = Release|Any CPU
		{93ADE3FF-34DC-4417-A30A-668EF6014C9A}.Release|Any CPU.Build.0 = Release|Any CPU
	EndGlobalSection
	GlobalSection(SolutionProperties) = preSolution
		HideSolutionNode = FALSE
	EndGlobalSection
	GlobalSection(ExtensibilityGlobals) = postSolution
		SolutionGuid = {8AF91387-FFFF-4B93-A790-3F1C86928684}
	EndGlobalSection
EndGlobal
